
Microsoft Visual Studio Solution File, Format Version 12.00
# Visual Studio Version 16
VisualStudioVersion = 16.0.34031.81
MinimumVisualStudioVersion = 10.0.40219.1
Project("{2150E333-8FDC-42A3-9474-1A3956D46DE8}") = "Task0", "Task0", "{10C2A57F-01C6-4586-8859-857123B1A34C}"
EndProject
Project("{FAE04EC0-301F-11D3-BF4B-00C04F79EFBC}") = "Tyuiu.ShananinaVV.Sprint2.Task0.V26", "Tyuiu.ShananinaVV.Sprint2.Task0.V26\Tyuiu.ShananinaVV.Sprint2.Task0.V26.csproj", "{5D54F72C-F50A-49BC-B38C-DE217AE32D0F}"
EndProject
Project("{FAE04EC0-301F-11D3-BF4B-00C04F79EFBC}") = "Tyuiu.ShananinaVV.Sprint2.Task0.V26.Lib", "Tyuiu.ShananinaVV.Sprint2.Task0.V26.Lib\Tyuiu.ShananinaVV.Sprint2.Task0.V26.Lib.csproj", "{38EE6DB5-AF89-4FBF-BE25-71E8AC3A5FA9}"
EndProject
Project("{FAE04EC0-301F-11D3-BF4B-00C04F79EFBC}") = "Tyuiu.ShananinaVV.Sprint2.Task0.V26.Test", "Tyuiu.ShananinaVV.Sprint2.Task0.V26.Test\Tyuiu.ShananinaVV.Sprint2.Task0.V26.Test.csproj", "{7D0BB116-F08D-45F7-9E1A-24EDA05E4DBD}"
EndProject
Project("{2150E333-8FDC-42A3-9474-1A3956D46DE8}") = "Task1", "Task1", "{FACF9AD6-AFA3-4200-970D-064EAF3D0443}"
EndProject
Project("{FAE04EC0-301F-11D3-BF4B-00C04F79EFBC}") = "Tyuiu.ShananinaVV.Sprint2.Task1.V4", "Tyuiu.ShananinaVV.Sprint2.Task1.V4\Tyuiu.ShananinaVV.Sprint2.Task1.V4.csproj", "{E46C2144-A46F-46CE-A751-25598D8ED6B1}"
EndProject
Project("{FAE04EC0-301F-11D3-BF4B-00C04F79EFBC}") = "Tyuiu.ShananinaVV.Sprint2.Task1.V4.Lib", "Tyuiu.ShananinaVV.Sprint2.Task1.V4.Lib\Tyuiu.ShananinaVV.Sprint2.Task1.V4.Lib.csproj", "{CDFE1B10-5F58-4FB8-B6EC-A15958453FF4}"
EndProject
Project("{FAE04EC0-301F-11D3-BF4B-00C04F79EFBC}") = "Tyuiu.ShananinaVV.Sprint2.Task1.V4.Test", "Tyuiu.ShananinaVV.Sprint2.Task1.V4.Test\Tyuiu.ShananinaVV.Sprint2.Task1.V4.Test.csproj", "{381FCEA2-828C-4938-B489-1F46524EF617}"
EndProject
Project("{2150E333-8FDC-42A3-9474-1A3956D46DE8}") = "Task2", "Task2", "{6464219A-C07B-48C1-A680-30B9DEC49AE2}"
EndProject
Project("{FAE04EC0-301F-11D3-BF4B-00C04F79EFBC}") = "Tyuiu.ShananinaVV.Sprint2.Task2.V5", "Tyuiu.ShananinaVV.Sprint2.Task2.V5\Tyuiu.ShananinaVV.Sprint2.Task2.V5.csproj", "{7847C0EC-4C2A-45C5-A27B-8D9979647553}"
EndProject
Project("{FAE04EC0-301F-11D3-BF4B-00C04F79EFBC}") = "Tyuiu.ShananinaVV.Sprint2.Task2.V5.Lib", "Tyuiu.ShananinaVV.Sprint2.Task2.V5.Lib\Tyuiu.ShananinaVV.Sprint2.Task2.V5.Lib.csproj", "{465A8FAD-F947-4281-A65B-83F87A88D066}"
EndProject
Project("{FAE04EC0-301F-11D3-BF4B-00C04F79EFBC}") = "Tyuiu.ShananinaVV.Sprint2.Task2.V5.Test", "Tyuiu.ShananinaVV.Sprint2.Task2.V5.Test\Tyuiu.ShananinaVV.Sprint2.Task2.V5.Test.csproj", "{FF7BCE45-2CFD-436C-BB43-65BD8A148FA5}"
EndProject
Project("{2150E333-8FDC-42A3-9474-1A3956D46DE8}") = "Task3", "Task3", "{B25579E3-59EF-44E0-8451-F9FA11E833D4}"
EndProject
Project("{FAE04EC0-301F-11D3-BF4B-00C04F79EFBC}") = "Tyuiu.ShananinaVV.Sprint2.Task3.V29", "Tyuiu.ShananinaVV.Sprint2.Task3.V29\Tyuiu.ShananinaVV.Sprint2.Task3.V29.csproj", "{C60D0650-C03D-4260-A059-FD7DB7EF7322}"
EndProject
Project("{FAE04EC0-301F-11D3-BF4B-00C04F79EFBC}") = "Tyuiu.ShananinaVV.Sprint2.Task3.V29.Lib", "Tyuiu.ShananinaVV.Sprint2.Task3.V29.Lib\Tyuiu.ShananinaVV.Sprint2.Task3.V29.Lib.csproj", "{13D0A3E3-87AE-47CD-93CA-ABCF9C788438}"
EndProject
Project("{FAE04EC0-301F-11D3-BF4B-00C04F79EFBC}") = "Tyuiu.ShananinaVV.Sprint2.Task3.V29.Test", "Tyuiu.ShananinaVV.Sprint2.Task3.V29.Test\Tyuiu.ShananinaVV.Sprint2.Task3.V29.Test.csproj", "{79F217E5-B5D4-4709-90D2-FE9D1146C72A}"
EndProject
Project("{2150E333-8FDC-42A3-9474-1A3956D46DE8}") = "Task4", "Task4", "{FB6AE5F1-44E7-4BEE-95DE-18C8A4802FF7}"
EndProject
Project("{FAE04EC0-301F-11D3-BF4B-00C04F79EFBC}") = "Tyuiu.ShananinaVV.Sprint2.Task4.V24", "Tyuiu.ShananinaVV.Sprint2.Task4.V24\Tyuiu.ShananinaVV.Sprint2.Task4.V24.csproj", "{A21FD6AE-DCC3-4539-A9ED-A18EBC75C872}"
EndProject
Project("{FAE04EC0-301F-11D3-BF4B-00C04F79EFBC}") = "Tyuiu.ShananinaVV.Sprint2.Task4.V24.Lib", "Tyuiu.ShananinaVV.Sprint2.Task4.V24.Lib\Tyuiu.ShananinaVV.Sprint2.Task4.V24.Lib.csproj", "{D69878EC-A832-4FB8-8913-9E0827563247}"
EndProject
Project("{FAE04EC0-301F-11D3-BF4B-00C04F79EFBC}") = "Tyuiu.ShananinaVV.Sprint2.Task4.V24.Test", "Tyuiu.ShananinaVV.Sprint2.Task4.V24.Test\Tyuiu.ShananinaVV.Sprint2.Task4.V24.Test.csproj", "{C640FEA1-C000-461A-9FAF-D81933E07114}"
EndProject
Project("{2150E333-8FDC-42A3-9474-1A3956D46DE8}") = "Task5", "Task5", "{7259866A-1A0F-4F3F-BDEF-02A47096C1D9}"
EndProject
Project("{FAE04EC0-301F-11D3-BF4B-00C04F79EFBC}") = "Tyuiu.ShananinaVV.Sprint2.Task5.V5", "Tyuiu.ShananinaVV.Sprint2.Task5.V5\Tyuiu.ShananinaVV.Sprint2.Task5.V5.csproj", "{351F41EC-0A2C-45F9-A41F-CF5D9ACE5DB8}"
EndProject
Project("{FAE04EC0-301F-11D3-BF4B-00C04F79EFBC}") = "Tyuiu.ShananinaVV.Sprint2.Task5.V5.Lib", "Tyuiu.ShananinaVV.Sprint2.Task5.V5.Lib\Tyuiu.ShananinaVV.Sprint2.Task5.V5.Lib.csproj", "{20988533-4681-4B19-9F84-508EFE605A06}"
EndProject
Project("{FAE04EC0-301F-11D3-BF4B-00C04F79EFBC}") = "Tyuiu.ShananinaVV.Sprint2.Task5.V5.Test", "Tyuiu.ShananinaVV.Sprint2.Task5.V5.Test\Tyuiu.ShananinaVV.Sprint2.Task5.V5.Test.csproj", "{CC19CAEB-40CF-4011-9FA3-D05145462841}"
EndProject
Project("{2150E333-8FDC-42A3-9474-1A3956D46DE8}") = "Task6", "Task6", "{88CE1B18-E3EC-4AC8-9CAB-22EF58C2AFDF}"
EndProject
Project("{FAE04EC0-301F-11D3-BF4B-00C04F79EFBC}") = "Tyuiu.ShananinaVV.Sprint2.Task6.V14", "Tyuiu.ShananinaVV.Sprint2.Task6.V14\Tyuiu.ShananinaVV.Sprint2.Task6.V14.csproj", "{27E38288-D661-4ECC-B05F-2C7A480FBF70}"
EndProject
Project("{FAE04EC0-301F-11D3-BF4B-00C04F79EFBC}") = "Tyuiu.ShananinaVV.Sprint2.Task6.V14.Lib", "Tyuiu.ShananinaVV.Sprint2.Task6.V14.Lib\Tyuiu.ShananinaVV.Sprint2.Task6.V14.Lib.csproj", "{1DA9B5A2-DFC1-47D7-B6C2-2B458B23B01A}"
EndProject
Project("{FAE04EC0-301F-11D3-BF4B-00C04F79EFBC}") = "Tyuiu.ShananinaVV.Sprint2.Task6.V14.Test", "Tyuiu.ShananinaVV.Sprint2.Task6.V14.Test\Tyuiu.ShananinaVV.Sprint2.Task6.V14.Test.csproj", "{D7BDB39C-1875-4F32-89C4-6D2BF4D533F9}"
EndProject
Project("{2150E333-8FDC-42A3-9474-1A3956D46DE8}") = "Task7", "Task7", "{BCA2D51B-E27B-4C32-B37C-047AD5CE1781}"
EndProject
Project("{FAE04EC0-301F-11D3-BF4B-00C04F79EFBC}") = "Tyuiu.ShananinaVV.Sprint2.Task7.V11", "Tyuiu.ShananinaVV.Sprint2.Task7.V11\Tyuiu.ShananinaVV.Sprint2.Task7.V11.csproj", "{91D05CA3-D6EB-4A72-8202-3495E9D5E887}"
EndProject
Project("{FAE04EC0-301F-11D3-BF4B-00C04F79EFBC}") = "Tyuiu.ShananinaVV.Sprint2.Task7.V11.Lib", "Tyuiu.ShananinaVV.Sprint2.Task7.V11.Lib\Tyuiu.ShananinaVV.Sprint2.Task7.V11.Lib.csproj", "{C543358A-2D5F-4A26-9D00-F415255C71CD}"
EndProject
Project("{FAE04EC0-301F-11D3-BF4B-00C04F79EFBC}") = "Tyuiu.ShananinaVV.Sprint2.Task7.V11.Test", "Tyuiu.ShananinaVV.Sprint2.Task7.V11.Test\Tyuiu.ShananinaVV.Sprint2.Task7.V11.Test.csproj", "{F02EB007-F41B-4C06-90C7-7868A353FF8A}"
EndProject
Global
	GlobalSection(SolutionConfigurationPlatforms) = preSolution
		Debug|Any CPU = Debug|Any CPU
		Release|Any CPU = Release|Any CPU
	EndGlobalSection
	GlobalSection(ProjectConfigurationPlatforms) = postSolution
		{5D54F72C-F50A-49BC-B38C-DE217AE32D0F}.Debug|Any CPU.ActiveCfg = Debug|Any CPU
		{5D54F72C-F50A-49BC-B38C-DE217AE32D0F}.Debug|Any CPU.Build.0 = Debug|Any CPU
		{5D54F72C-F50A-49BC-B38C-DE217AE32D0F}.Release|Any CPU.ActiveCfg = Release|Any CPU
		{5D54F72C-F50A-49BC-B38C-DE217AE32D0F}.Release|Any CPU.Build.0 = Release|Any CPU
		{38EE6DB5-AF89-4FBF-BE25-71E8AC3A5FA9}.Debug|Any CPU.ActiveCfg = Debug|Any CPU
		{38EE6DB5-AF89-4FBF-BE25-71E8AC3A5FA9}.Debug|Any CPU.Build.0 = Debug|Any CPU
		{38EE6DB5-AF89-4FBF-BE25-71E8AC3A5FA9}.Release|Any CPU.ActiveCfg = Release|Any CPU
		{38EE6DB5-AF89-4FBF-BE25-71E8AC3A5FA9}.Release|Any CPU.Build.0 = Release|Any CPU
		{7D0BB116-F08D-45F7-9E1A-24EDA05E4DBD}.Debug|Any CPU.ActiveCfg = Debug|Any CPU
		{7D0BB116-F08D-45F7-9E1A-24EDA05E4DBD}.Debug|Any CPU.Build.0 = Debug|Any CPU
		{7D0BB116-F08D-45F7-9E1A-24EDA05E4DBD}.Release|Any CPU.ActiveCfg = Release|Any CPU
		{7D0BB116-F08D-45F7-9E1A-24EDA05E4DBD}.Release|Any CPU.Build.0 = Release|Any CPU
		{E46C2144-A46F-46CE-A751-25598D8ED6B1}.Debug|Any CPU.ActiveCfg = Debug|Any CPU
		{E46C2144-A46F-46CE-A751-25598D8ED6B1}.Debug|Any CPU.Build.0 = Debug|Any CPU
		{E46C2144-A46F-46CE-A751-25598D8ED6B1}.Release|Any CPU.ActiveCfg = Release|Any CPU
		{E46C2144-A46F-46CE-A751-25598D8ED6B1}.Release|Any CPU.Build.0 = Release|Any CPU
		{CDFE1B10-5F58-4FB8-B6EC-A15958453FF4}.Debug|Any CPU.ActiveCfg = Debug|Any CPU
		{CDFE1B10-5F58-4FB8-B6EC-A15958453FF4}.Debug|Any CPU.Build.0 = Debug|Any CPU
		{CDFE1B10-5F58-4FB8-B6EC-A15958453FF4}.Release|Any CPU.ActiveCfg = Release|Any CPU
		{CDFE1B10-5F58-4FB8-B6EC-A15958453FF4}.Release|Any CPU.Build.0 = Release|Any CPU
		{381FCEA2-828C-4938-B489-1F46524EF617}.Debug|Any CPU.ActiveCfg = Debug|Any CPU
		{381FCEA2-828C-4938-B489-1F46524EF617}.Debug|Any CPU.Build.0 = Debug|Any CPU
		{381FCEA2-828C-4938-B489-1F46524EF617}.Release|Any CPU.ActiveCfg = Release|Any CPU
		{381FCEA2-828C-4938-B489-1F46524EF617}.Release|Any CPU.Build.0 = Release|Any CPU
		{7847C0EC-4C2A-45C5-A27B-8D9979647553}.Debug|Any CPU.ActiveCfg = Debug|Any CPU
		{7847C0EC-4C2A-45C5-A27B-8D9979647553}.Debug|Any CPU.Build.0 = Debug|Any CPU
		{7847C0EC-4C2A-45C5-A27B-8D9979647553}.Release|Any CPU.ActiveCfg = Release|Any CPU
		{7847C0EC-4C2A-45C5-A27B-8D9979647553}.Release|Any CPU.Build.0 = Release|Any CPU
		{465A8FAD-F947-4281-A65B-83F87A88D066}.Debug|Any CPU.ActiveCfg = Debug|Any CPU
		{465A8FAD-F947-4281-A65B-83F87A88D066}.Debug|Any CPU.Build.0 = Debug|Any CPU
		{465A8FAD-F947-4281-A65B-83F87A88D066}.Release|Any CPU.ActiveCfg = Release|Any CPU
		{465A8FAD-F947-4281-A65B-83F87A88D066}.Release|Any CPU.Build.0 = Release|Any CPU
		{FF7BCE45-2CFD-436C-BB43-65BD8A148FA5}.Debug|Any CPU.ActiveCfg = Debug|Any CPU
		{FF7BCE45-2CFD-436C-BB43-65BD8A148FA5}.Debug|Any CPU.Build.0 = Debug|Any CPU
		{FF7BCE45-2CFD-436C-BB43-65BD8A148FA5}.Release|Any CPU.ActiveCfg = Release|Any CPU
		{FF7BCE45-2CFD-436C-BB43-65BD8A148FA5}.Release|Any CPU.Build.0 = Release|Any CPU
		{C60D0650-C03D-4260-A059-FD7DB7EF7322}.Debug|Any CPU.ActiveCfg = Debug|Any CPU
		{C60D0650-C03D-4260-A059-FD7DB7EF7322}.Debug|Any CPU.Build.0 = Debug|Any CPU
		{C60D0650-C03D-4260-A059-FD7DB7EF7322}.Release|Any CPU.ActiveCfg = Release|Any CPU
		{C60D0650-C03D-4260-A059-FD7DB7EF7322}.Release|Any CPU.Build.0 = Release|Any CPU
		{13D0A3E3-87AE-47CD-93CA-ABCF9C788438}.Debug|Any CPU.ActiveCfg = Debug|Any CPU
		{13D0A3E3-87AE-47CD-93CA-ABCF9C788438}.Debug|Any CPU.Build.0 = Debug|Any CPU
		{13D0A3E3-87AE-47CD-93CA-ABCF9C788438}.Release|Any CPU.ActiveCfg = Release|Any CPU
		{13D0A3E3-87AE-47CD-93CA-ABCF9C788438}.Release|Any CPU.Build.0 = Release|Any CPU
		{79F217E5-B5D4-4709-90D2-FE9D1146C72A}.Debug|Any CPU.ActiveCfg = Debug|Any CPU
		{79F217E5-B5D4-4709-90D2-FE9D1146C72A}.Debug|Any CPU.Build.0 = Debug|Any CPU
		{79F217E5-B5D4-4709-90D2-FE9D1146C72A}.Release|Any CPU.ActiveCfg = Release|Any CPU
		{79F217E5-B5D4-4709-90D2-FE9D1146C72A}.Release|Any CPU.Build.0 = Release|Any CPU
		{A21FD6AE-DCC3-4539-A9ED-A18EBC75C872}.Debug|Any CPU.ActiveCfg = Debug|Any CPU
		{A21FD6AE-DCC3-4539-A9ED-A18EBC75C872}.Debug|Any CPU.Build.0 = Debug|Any CPU
		{A21FD6AE-DCC3-4539-A9ED-A18EBC75C872}.Release|Any CPU.ActiveCfg = Release|Any CPU
		{A21FD6AE-DCC3-4539-A9ED-A18EBC75C872}.Release|Any CPU.Build.0 = Release|Any CPU
		{D69878EC-A832-4FB8-8913-9E0827563247}.Debug|Any CPU.ActiveCfg = Debug|Any CPU
		{D69878EC-A832-4FB8-8913-9E0827563247}.Debug|Any CPU.Build.0 = Debug|Any CPU
		{D69878EC-A832-4FB8-8913-9E0827563247}.Release|Any CPU.ActiveCfg = Release|Any CPU
		{D69878EC-A832-4FB8-8913-9E0827563247}.Release|Any CPU.Build.0 = Release|Any CPU
		{C640FEA1-C000-461A-9FAF-D81933E07114}.Debug|Any CPU.ActiveCfg = Debug|Any CPU
		{C640FEA1-C000-461A-9FAF-D81933E07114}.Debug|Any CPU.Build.0 = Debug|Any CPU
		{C640FEA1-C000-461A-9FAF-D81933E07114}.Release|Any CPU.ActiveCfg = Release|Any CPU
		{C640FEA1-C000-461A-9FAF-D81933E07114}.Release|Any CPU.Build.0 = Release|Any CPU
		{351F41EC-0A2C-45F9-A41F-CF5D9ACE5DB8}.Debug|Any CPU.ActiveCfg = Debug|Any CPU
		{351F41EC-0A2C-45F9-A41F-CF5D9ACE5DB8}.Debug|Any CPU.Build.0 = Debug|Any CPU
		{351F41EC-0A2C-45F9-A41F-CF5D9ACE5DB8}.Release|Any CPU.ActiveCfg = Release|Any CPU
		{351F41EC-0A2C-45F9-A41F-CF5D9ACE5DB8}.Release|Any CPU.Build.0 = Release|Any CPU
		{20988533-4681-4B19-9F84-508EFE605A06}.Debug|Any CPU.ActiveCfg = Debug|Any CPU
		{20988533-4681-4B19-9F84-508EFE605A06}.Debug|Any CPU.Build.0 = Debug|Any CPU
		{20988533-4681-4B19-9F84-508EFE605A06}.Release|Any CPU.ActiveCfg = Release|Any CPU
		{20988533-4681-4B19-9F84-508EFE605A06}.Release|Any CPU.Build.0 = Release|Any CPU
		{CC19CAEB-40CF-4011-9FA3-D05145462841}.Debug|Any CPU.ActiveCfg = Debug|Any CPU
		{CC19CAEB-40CF-4011-9FA3-D05145462841}.Debug|Any CPU.Build.0 = Debug|Any CPU
		{CC19CAEB-40CF-4011-9FA3-D05145462841}.Release|Any CPU.ActiveCfg = Release|Any CPU
		{CC19CAEB-40CF-4011-9FA3-D05145462841}.Release|Any CPU.Build.0 = Release|Any CPU
		{27E38288-D661-4ECC-B05F-2C7A480FBF70}.Debug|Any CPU.ActiveCfg = Debug|Any CPU
		{27E38288-D661-4ECC-B05F-2C7A480FBF70}.Debug|Any CPU.Build.0 = Debug|Any CPU
		{27E38288-D661-4ECC-B05F-2C7A480FBF70}.Release|Any CPU.ActiveCfg = Release|Any CPU
		{27E38288-D661-4ECC-B05F-2C7A480FBF70}.Release|Any CPU.Build.0 = Release|Any CPU
		{1DA9B5A2-DFC1-47D7-B6C2-2B458B23B01A}.Debug|Any CPU.ActiveCfg = Debug|Any CPU
		{1DA9B5A2-DFC1-47D7-B6C2-2B458B23B01A}.Debug|Any CPU.Build.0 = Debug|Any CPU
		{1DA9B5A2-DFC1-47D7-B6C2-2B458B23B01A}.Release|Any CPU.ActiveCfg = Release|Any CPU
		{1DA9B5A2-DFC1-47D7-B6C2-2B458B23B01A}.Release|Any CPU.Build.0 = Release|Any CPU
		{D7BDB39C-1875-4F32-89C4-6D2BF4D533F9}.Debug|Any CPU.ActiveCfg = Debug|Any CPU
		{D7BDB39C-1875-4F32-89C4-6D2BF4D533F9}.Debug|Any CPU.Build.0 = Debug|Any CPU
		{D7BDB39C-1875-4F32-89C4-6D2BF4D533F9}.Release|Any CPU.ActiveCfg = Release|Any CPU
		{D7BDB39C-1875-4F32-89C4-6D2BF4D533F9}.Release|Any CPU.Build.0 = Release|Any CPU
		{91D05CA3-D6EB-4A72-8202-3495E9D5E887}.Debug|Any CPU.ActiveCfg = Debug|Any CPU
		{91D05CA3-D6EB-4A72-8202-3495E9D5E887}.Debug|Any CPU.Build.0 = Debug|Any CPU
		{91D05CA3-D6EB-4A72-8202-3495E9D5E887}.Release|Any CPU.ActiveCfg = Release|Any CPU
		{91D05CA3-D6EB-4A72-8202-3495E9D5E887}.Release|Any CPU.Build.0 = Release|Any CPU
		{C543358A-2D5F-4A26-9D00-F415255C71CD}.Debug|Any CPU.ActiveCfg = Debug|Any CPU
		{C543358A-2D5F-4A26-9D00-F415255C71CD}.Debug|Any CPU.Build.0 = Debug|Any CPU
		{C543358A-2D5F-4A26-9D00-F415255C71CD}.Release|Any CPU.ActiveCfg = Release|Any CPU
		{C543358A-2D5F-4A26-9D00-F415255C71CD}.Release|Any CPU.Build.0 = Release|Any CPU
		{F02EB007-F41B-4C06-90C7-7868A353FF8A}.Debug|Any CPU.ActiveCfg = Debug|Any CPU
		{F02EB007-F41B-4C06-90C7-7868A353FF8A}.Debug|Any CPU.Build.0 = Debug|Any CPU
		{F02EB007-F41B-4C06-90C7-7868A353FF8A}.Release|Any CPU.ActiveCfg = Release|Any CPU
		{F02EB007-F41B-4C06-90C7-7868A353FF8A}.Release|Any CPU.Build.0 = Release|Any CPU
	EndGlobalSection
	GlobalSection(SolutionProperties) = preSolution
		HideSolutionNode = FALSE
	EndGlobalSection
	GlobalSection(NestedProjects) = preSolution
		{5D54F72C-F50A-49BC-B38C-DE217AE32D0F} = {10C2A57F-01C6-4586-8859-857123B1A34C}
		{38EE6DB5-AF89-4FBF-BE25-71E8AC3A5FA9} = {10C2A57F-01C6-4586-8859-857123B1A34C}
		{7D0BB116-F08D-45F7-9E1A-24EDA05E4DBD} = {10C2A57F-01C6-4586-8859-857123B1A34C}
		{E46C2144-A46F-46CE-A751-25598D8ED6B1} = {FACF9AD6-AFA3-4200-970D-064EAF3D0443}
		{CDFE1B10-5F58-4FB8-B6EC-A15958453FF4} = {FACF9AD6-AFA3-4200-970D-064EAF3D0443}
		{381FCEA2-828C-4938-B489-1F46524EF617} = {FACF9AD6-AFA3-4200-970D-064EAF3D0443}
		{7847C0EC-4C2A-45C5-A27B-8D9979647553} = {6464219A-C07B-48C1-A680-30B9DEC49AE2}
		{465A8FAD-F947-4281-A65B-83F87A88D066} = {6464219A-C07B-48C1-A680-30B9DEC49AE2}
		{FF7BCE45-2CFD-436C-BB43-65BD8A148FA5} = {6464219A-C07B-48C1-A680-30B9DEC49AE2}
		{C60D0650-C03D-4260-A059-FD7DB7EF7322} = {B25579E3-59EF-44E0-8451-F9FA11E833D4}
		{13D0A3E3-87AE-47CD-93CA-ABCF9C788438} = {B25579E3-59EF-44E0-8451-F9FA11E833D4}
		{79F217E5-B5D4-4709-90D2-FE9D1146C72A} = {B25579E3-59EF-44E0-8451-F9FA11E833D4}
		{A21FD6AE-DCC3-4539-A9ED-A18EBC75C872} = {FB6AE5F1-44E7-4BEE-95DE-18C8A4802FF7}
		{D69878EC-A832-4FB8-8913-9E0827563247} = {FB6AE5F1-44E7-4BEE-95DE-18C8A4802FF7}
		{C640FEA1-C000-461A-9FAF-D81933E07114} = {FB6AE5F1-44E7-4BEE-95DE-18C8A4802FF7}
		{351F41EC-0A2C-45F9-A41F-CF5D9ACE5DB8} = {7259866A-1A0F-4F3F-BDEF-02A47096C1D9}
		{20988533-4681-4B19-9F84-508EFE605A06} = {7259866A-1A0F-4F3F-BDEF-02A47096C1D9}
		{CC19CAEB-40CF-4011-9FA3-D05145462841} = {7259866A-1A0F-4F3F-BDEF-02A47096C1D9}
		{27E38288-D661-4ECC-B05F-2C7A480FBF70} = {88CE1B18-E3EC-4AC8-9CAB-22EF58C2AFDF}
		{1DA9B5A2-DFC1-47D7-B6C2-2B458B23B01A} = {88CE1B18-E3EC-4AC8-9CAB-22EF58C2AFDF}
		{D7BDB39C-1875-4F32-89C4-6D2BF4D533F9} = {88CE1B18-E3EC-4AC8-9CAB-22EF58C2AFDF}
		{91D05CA3-D6EB-4A72-8202-3495E9D5E887} = {BCA2D51B-E27B-4C32-B37C-047AD5CE1781}
		{C543358A-2D5F-4A26-9D00-F415255C71CD} = {BCA2D51B-E27B-4C32-B37C-047AD5CE1781}
		{F02EB007-F41B-4C06-90C7-7868A353FF8A} = {BCA2D51B-E27B-4C32-B37C-047AD5CE1781}
	EndGlobalSection
	GlobalSection(ExtensibilityGlobals) = postSolution
		SolutionGuid = {376CAA76-AA08-4340-9EF8-7E75FBB28CA8}
	EndGlobalSection
EndGlobal
